
Microsoft Visual Studio Solution File, Format Version 12.00
# Visual Studio Version 16
VisualStudioVersion = 16.0.809.0
MinimumVisualStudioVersion = 10.0.40219.1
Project("{FAE04EC0-301F-11D3-BF4B-00C04F79EFBC}") = "Assembly-CSharp-Editor", "Assembly-CSharp-Editor.csproj", "{38433856-0CC3-4799-432E-63A1238443D2}"
EndProject
Global
	GlobalSection(SolutionConfigurationPlatforms) = preSolution
		Debug|Any CPU = Debug|Any CPU
		Release|Any CPU = Release|Any CPU
	EndGlobalSection
	GlobalSection(ProjectConfigurationPlatforms) = postSolution
		{38433856-0CC3-4799-432E-63A1238443D2}.Debug|Any CPU.ActiveCfg = Debug|Any CPU
		{38433856-0CC3-4799-432E-63A1238443D2}.Debug|Any CPU.Build.0 = Debug|Any CPU
		{38433856-0CC3-4799-432E-63A1238443D2}.Release|Any CPU.ActiveCfg = Release|Any CPU
		{38433856-0CC3-4799-432E-63A1238443D2}.Release|Any CPU.Build.0 = Release|Any CPU
	EndGlobalSection
	GlobalSection(SolutionProperties) = preSolution
		HideSolutionNode = FALSE
	EndGlobalSection
	GlobalSection(ExtensibilityGlobals) = postSolution
		SolutionGuid = {CD77F90A-4A63-425D-8F5A-DE7C738234D5}
	EndGlobalSection
EndGlobal
