
Microsoft Visual Studio Solution File, Format Version 12.00
# Visual Studio Version 16
VisualStudioVersion = 16.0.809.0
MinimumVisualStudioVersion = 10.0.40219.1
Project("{FAE04EC0-301F-11D3-BF4B-00C04F79EFBC}") = "Assembly-CSharp-Editor-firstpass", "Assembly-CSharp-Editor-firstpass.csproj", "{01E22980-BCFD-BE6B-9FAD-1910403D24EA}"
EndProject
Global
	GlobalSection(SolutionConfigurationPlatforms) = preSolution
		Debug|Any CPU = Debug|Any CPU
		Release|Any CPU = Release|Any CPU
	EndGlobalSection
	GlobalSection(ProjectConfigurationPlatforms) = postSolution
		{01E22980-BCFD-BE6B-9FAD-1910403D24EA}.Debug|Any CPU.ActiveCfg = Debug|Any CPU
		{01E22980-BCFD-BE6B-9FAD-1910403D24EA}.Debug|Any CPU.Build.0 = Debug|Any CPU
		{01E22980-BCFD-BE6B-9FAD-1910403D24EA}.Release|Any CPU.ActiveCfg = Release|Any CPU
		{01E22980-BCFD-BE6B-9FAD-1910403D24EA}.Release|Any CPU.Build.0 = Release|Any CPU
	EndGlobalSection
	GlobalSection(SolutionProperties) = preSolution
		HideSolutionNode = FALSE
	EndGlobalSection
	GlobalSection(ExtensibilityGlobals) = postSolution
		SolutionGuid = {0536717A-12F6-4650-8923-DE8B841F38BD}
	EndGlobalSection
EndGlobal
