
Microsoft Visual Studio Solution File, Format Version 11.00
# Visual Studio 2010
Project("{FAE04EC0-301F-11D3-BF4B-00C04F79EFBC}") = "Assembly-CSharp", "Assembly-CSharp.csproj", "{512C7D41-985A-B0F3-A2A3-46256C4DFA58}"
EndProject
Project("{FAE04EC0-301F-11D3-BF4B-00C04F79EFBC}") = "Assembly-CSharp-firstpass", "Assembly-CSharp-firstpass.csproj", "{7051811C-876F-30C7-21F3-35A091E7C3F4}"
EndProject
Project("{FAE04EC0-301F-11D3-BF4B-00C04F79EFBC}") = "Assembly-CSharp-Editor-firstpass", "Assembly-CSharp-Editor-firstpass.csproj", "{55B7948A-F33D-300D-D073-96F41B7091D3}"
EndProject
Project("{FAE04EC0-301F-11D3-BF4B-00C04F79EFBC}") = "Assembly-CSharp-Editor", "Assembly-CSharp-Editor.csproj", "{F8F7C1C4-C7C7-F8C8-3AD2-94EB2B871270}"
EndProject
Global
	GlobalSection(SolutionConfigurationPlatforms) = preSolution
		Debug|Any CPU = Debug|Any CPU
		Release|Any CPU = Release|Any CPU
	EndGlobalSection
	GlobalSection(ProjectConfigurationPlatforms) = postSolution
		{512C7D41-985A-B0F3-A2A3-46256C4DFA58}.Debug|Any CPU.ActiveCfg = Debug|Any CPU
		{512C7D41-985A-B0F3-A2A3-46256C4DFA58}.Debug|Any CPU.Build.0 = Debug|Any CPU
		{512C7D41-985A-B0F3-A2A3-46256C4DFA58}.Release|Any CPU.ActiveCfg = Release|Any CPU
		{512C7D41-985A-B0F3-A2A3-46256C4DFA58}.Release|Any CPU.Build.0 = Release|Any CPU
		{7051811C-876F-30C7-21F3-35A091E7C3F4}.Debug|Any CPU.ActiveCfg = Debug|Any CPU
		{7051811C-876F-30C7-21F3-35A091E7C3F4}.Debug|Any CPU.Build.0 = Debug|Any CPU
		{7051811C-876F-30C7-21F3-35A091E7C3F4}.Release|Any CPU.ActiveCfg = Release|Any CPU
		{7051811C-876F-30C7-21F3-35A091E7C3F4}.Release|Any CPU.Build.0 = Release|Any CPU
		{55B7948A-F33D-300D-D073-96F41B7091D3}.Debug|Any CPU.ActiveCfg = Debug|Any CPU
		{55B7948A-F33D-300D-D073-96F41B7091D3}.Debug|Any CPU.Build.0 = Debug|Any CPU
		{55B7948A-F33D-300D-D073-96F41B7091D3}.Release|Any CPU.ActiveCfg = Release|Any CPU
		{55B7948A-F33D-300D-D073-96F41B7091D3}.Release|Any CPU.Build.0 = Release|Any CPU
		{F8F7C1C4-C7C7-F8C8-3AD2-94EB2B871270}.Debug|Any CPU.ActiveCfg = Debug|Any CPU
		{F8F7C1C4-C7C7-F8C8-3AD2-94EB2B871270}.Debug|Any CPU.Build.0 = Debug|Any CPU
		{F8F7C1C4-C7C7-F8C8-3AD2-94EB2B871270}.Release|Any CPU.ActiveCfg = Release|Any CPU
		{F8F7C1C4-C7C7-F8C8-3AD2-94EB2B871270}.Release|Any CPU.Build.0 = Release|Any CPU
	EndGlobalSection
	GlobalSection(SolutionProperties) = preSolution
		HideSolutionNode = FALSE
	EndGlobalSection
EndGlobal
